
Microsoft Visual Studio Solution File, Format Version 12.00
# Visual Studio 15
VisualStudioVersion = 15.0.28307.1622
MinimumVisualStudioVersion = 10.0.40219.1
Project("{8BC9CEB8-8B4A-11D0-8D11-00A0C91BC942}") = "Tobizaum", "Tobizaum\Tobizaum.vcxproj", "{4BDAF392-9274-459D-9532-8BEB75BFE01C}"
EndProject
Global
	GlobalSection(SolutionConfigurationPlatforms) = preSolution
		Debug|x64 = Debug|x64
		Debug|x86 = Debug|x86
		Release|x64 = Release|x64
		Release|x86 = Release|x86
	EndGlobalSection
	GlobalSection(ProjectConfigurationPlatforms) = postSolution
		{4BDAF392-9274-459D-9532-8BEB75BFE01C}.Debug|x64.ActiveCfg = Debug|x64
		{4BDAF392-9274-459D-9532-8BEB75BFE01C}.Debug|x64.Build.0 = Debug|x64
		{4BDAF392-9274-459D-9532-8BEB75BFE01C}.Debug|x86.ActiveCfg = Debug|Win32
		{4BDAF392-9274-459D-9532-8BEB75BFE01C}.Debug|x86.Build.0 = Debug|Win32
		{4BDAF392-9274-459D-9532-8BEB75BFE01C}.Release|x64.ActiveCfg = Release|x64
		{4BDAF392-9274-459D-9532-8BEB75BFE01C}.Release|x64.Build.0 = Release|x64
		{4BDAF392-9274-459D-9532-8BEB75BFE01C}.Release|x86.ActiveCfg = Release|Win32
		{4BDAF392-9274-459D-9532-8BEB75BFE01C}.Release|x86.Build.0 = Release|Win32
	EndGlobalSection
	GlobalSection(SolutionProperties) = preSolution
		HideSolutionNode = FALSE
	EndGlobalSection
	GlobalSection(ExtensibilityGlobals) = postSolution
		SolutionGuid = {7B0DED2E-3B93-49D7-91EC-58C24B1D59AA}
	EndGlobalSection
EndGlobal
